Microsoft Visual Studio Solution File, Format Version 12.00
# Visual Studio Version 16
VisualStudioVersion = 16.0.0.0
MinimumVisualStudioVersion = 16.0.0.0
Project("{9A19103F-16F7-4668-BE54-9A1E7A4F7556}") = "YoutubeSummarizerWeb", "YoutubeSummarizerWeb\YoutubeSummarizerWeb.csproj", "{93454272-B3D5-49F9-9CE6-67F6139F8433}"
EndProject
Project("{9A19103F-16F7-4668-BE54-9A1E7A4F7556}") = "YoutubeSummarizerWeb.Client", "YoutubeSummarizerWeb.Client\YoutubeSummarizerWeb.Client.csproj", "{4A3A96B1-77F9-4F1E-AB99-AECA11BCF286}"
EndProject
Global
	GlobalSection(SolutionConfigurationPlatforms) = preSolution
		Debug|Any CPU = Debug|Any CPU
		Debug|x64 = Debug|x64
		Debug|x86 = Debug|x86
		Release|Any CPU = Release|Any CPU
		Release|x64 = Release|x64
		Release|x86 = Release|x86
	EndGlobalSection
	GlobalSection(ProjectConfigurationPlatforms) = postSolution
		{4A3A96B1-77F9-4F1E-AB99-AECA11BCF286}.Debug|Any CPU.ActiveCfg = Debug|Any CPU
		{4A3A96B1-77F9-4F1E-AB99-AECA11BCF286}.Debug|Any CPU.Build.0 = Debug|Any CPU
		{4A3A96B1-77F9-4F1E-AB99-AECA11BCF286}.Debug|x64.ActiveCfg = Debug|Any CPU
		{4A3A96B1-77F9-4F1E-AB99-AECA11BCF286}.Debug|x64.Build.0 = Debug|Any CPU
		{4A3A96B1-77F9-4F1E-AB99-AECA11BCF286}.Debug|x86.ActiveCfg = Debug|Any CPU
		{4A3A96B1-77F9-4F1E-AB99-AECA11BCF286}.Debug|x86.Build.0 = Debug|Any CPU
		{4A3A96B1-77F9-4F1E-AB99-AECA11BCF286}.Release|Any CPU.ActiveCfg = Release|Any CPU
		{4A3A96B1-77F9-4F1E-AB99-AECA11BCF286}.Release|Any CPU.Build.0 = Release|Any CPU
		{4A3A96B1-77F9-4F1E-AB99-AECA11BCF286}.Release|x64.ActiveCfg = Release|Any CPU
		{4A3A96B1-77F9-4F1E-AB99-AECA11BCF286}.Release|x64.Build.0 = Release|Any CPU
		{4A3A96B1-77F9-4F1E-AB99-AECA11BCF286}.Release|x86.ActiveCfg = Release|Any CPU
		{4A3A96B1-77F9-4F1E-AB99-AECA11BCF286}.Release|x86.Build.0 = Release|Any CPU
		{93454272-B3D5-49F9-9CE6-67F6139F8433}.Debug|Any CPU.ActiveCfg = Debug|Any CPU
		{93454272-B3D5-49F9-9CE6-67F6139F8433}.Debug|Any CPU.Build.0 = Debug|Any CPU
		{93454272-B3D5-49F9-9CE6-67F6139F8433}.Debug|x64.ActiveCfg = Debug|Any CPU
		{93454272-B3D5-49F9-9CE6-67F6139F8433}.Debug|x64.Build.0 = Debug|Any CPU
		{93454272-B3D5-49F9-9CE6-67F6139F8433}.Debug|x86.ActiveCfg = Debug|Any CPU
		{93454272-B3D5-49F9-9CE6-67F6139F8433}.Debug|x86.Build.0 = Debug|Any CPU
		{93454272-B3D5-49F9-9CE6-67F6139F8433}.Release|Any CPU.ActiveCfg = Release|Any CPU
		{93454272-B3D5-49F9-9CE6-67F6139F8433}.Release|Any CPU.Build.0 = Release|Any CPU
		{93454272-B3D5-49F9-9CE6-67F6139F8433}.Release|x64.ActiveCfg = Release|Any CPU
		{93454272-B3D5-49F9-9CE6-67F6139F8433}.Release|x64.Build.0 = Release|Any CPU
		{93454272-B3D5-49F9-9CE6-67F6139F8433}.Release|x86.ActiveCfg = Release|Any CPU
		{93454272-B3D5-49F9-9CE6-67F6139F8433}.Release|x86.Build.0 = Release|Any CPU
	EndGlobalSection
	GlobalSection(SolutionProperties) = preSolution
		HideSolutionNode = FALSE
	EndGlobalSection
	GlobalSection(ExtensibilityGlobals) = postSolution
		SolutionGuid = {A83FE852-396A-4B9F-B975-7605B663C2B4}
	EndGlobalSection
EndGlobal
